
Microsoft Visual Studio Solution File, Format Version 12.00
# Visual Studio Version 17
VisualStudioVersion = 17.0.31903.59
MinimumVisualStudioVersion = 10.0.40219.1
Project("{FAE04EC0-301F-11D3-BF4B-00C04F79EFBC}") = "DmsContayPerezIPS.API", "DmsContayPerezIPS.API\DmsContayPerezIPS.API.csproj", "{BA251AA0-AC56-4156-8CBE-CF6EE1FB2E72}"
EndProject
Project("{FAE04EC0-301F-11D3-BF4B-00C04F79EFBC}") = "DmsContayPerezIPS.Application", "DmsContayPerezIPS.Application\DmsContayPerezIPS.Application.csproj", "{12DBAFD6-EE27-4502-B8B7-38DEC03904DF}"
EndProject
Project("{FAE04EC0-301F-11D3-BF4B-00C04F79EFBC}") = "DmsContayPerezIPS.Domain", "DmsContayPerezIPS.Domain\DmsContayPerezIPS.Domain.csproj", "{E253AC18-F179-4D1D-AA60-00D181282745}"
EndProject
Project("{FAE04EC0-301F-11D3-BF4B-00C04F79EFBC}") = "DmsContayPerezIPS.Infrastructure", "DmsContayPerezIPS.Infrastructure\DmsContayPerezIPS.Infrastructure.csproj", "{02263D79-90FB-4734-AF1C-3B37C4398B48}"
EndProject
Global
	GlobalSection(SolutionConfigurationPlatforms) = preSolution
		Debug|Any CPU = Debug|Any CPU
		Debug|x64 = Debug|x64
		Debug|x86 = Debug|x86
		Release|Any CPU = Release|Any CPU
		Release|x64 = Release|x64
		Release|x86 = Release|x86
	EndGlobalSection
	GlobalSection(ProjectConfigurationPlatforms) = postSolution
		{BA251AA0-AC56-4156-8CBE-CF6EE1FB2E72}.Debug|Any CPU.ActiveCfg = Debug|Any CPU
		{BA251AA0-AC56-4156-8CBE-CF6EE1FB2E72}.Debug|Any CPU.Build.0 = Debug|Any CPU
		{BA251AA0-AC56-4156-8CBE-CF6EE1FB2E72}.Debug|x64.ActiveCfg = Debug|Any CPU
		{BA251AA0-AC56-4156-8CBE-CF6EE1FB2E72}.Debug|x64.Build.0 = Debug|Any CPU
		{BA251AA0-AC56-4156-8CBE-CF6EE1FB2E72}.Debug|x86.ActiveCfg = Debug|Any CPU
		{BA251AA0-AC56-4156-8CBE-CF6EE1FB2E72}.Debug|x86.Build.0 = Debug|Any CPU
		{BA251AA0-AC56-4156-8CBE-CF6EE1FB2E72}.Release|Any CPU.ActiveCfg = Release|Any CPU
		{BA251AA0-AC56-4156-8CBE-CF6EE1FB2E72}.Release|Any CPU.Build.0 = Release|Any CPU
		{BA251AA0-AC56-4156-8CBE-CF6EE1FB2E72}.Release|x64.ActiveCfg = Release|Any CPU
		{BA251AA0-AC56-4156-8CBE-CF6EE1FB2E72}.Release|x64.Build.0 = Release|Any CPU
		{BA251AA0-AC56-4156-8CBE-CF6EE1FB2E72}.Release|x86.ActiveCfg = Release|Any CPU
		{BA251AA0-AC56-4156-8CBE-CF6EE1FB2E72}.Release|x86.Build.0 = Release|Any CPU
		{12DBAFD6-EE27-4502-B8B7-38DEC03904DF}.Debug|Any CPU.ActiveCfg = Debug|Any CPU
		{12DBAFD6-EE27-4502-B8B7-38DEC03904DF}.Debug|Any CPU.Build.0 = Debug|Any CPU
		{12DBAFD6-EE27-4502-B8B7-38DEC03904DF}.Debug|x64.ActiveCfg = Debug|Any CPU
		{12DBAFD6-EE27-4502-B8B7-38DEC03904DF}.Debug|x64.Build.0 = Debug|Any CPU
		{12DBAFD6-EE27-4502-B8B7-38DEC03904DF}.Debug|x86.ActiveCfg = Debug|Any CPU
		{12DBAFD6-EE27-4502-B8B7-38DEC03904DF}.Debug|x86.Build.0 = Debug|Any CPU
		{12DBAFD6-EE27-4502-B8B7-38DEC03904DF}.Release|Any CPU.ActiveCfg = Release|Any CPU
		{12DBAFD6-EE27-4502-B8B7-38DEC03904DF}.Release|Any CPU.Build.0 = Release|Any CPU
		{12DBAFD6-EE27-4502-B8B7-38DEC03904DF}.Release|x64.ActiveCfg = Release|Any CPU
		{12DBAFD6-EE27-4502-B8B7-38DEC03904DF}.Release|x64.Build.0 = Release|Any CPU
		{12DBAFD6-EE27-4502-B8B7-38DEC03904DF}.Release|x86.ActiveCfg = Release|Any CPU
		{12DBAFD6-EE27-4502-B8B7-38DEC03904DF}.Release|x86.Build.0 = Release|Any CPU
		{E253AC18-F179-4D1D-AA60-00D181282745}.Debug|Any CPU.ActiveCfg = Debug|Any CPU
		{E253AC18-F179-4D1D-AA60-00D181282745}.Debug|Any CPU.Build.0 = Debug|Any CPU
		{E253AC18-F179-4D1D-AA60-00D181282745}.Debug|x64.ActiveCfg = Debug|Any CPU
		{E253AC18-F179-4D1D-AA60-00D181282745}.Debug|x64.Build.0 = Debug|Any CPU
		{E253AC18-F179-4D1D-AA60-00D181282745}.Debug|x86.ActiveCfg = Debug|Any CPU
		{E253AC18-F179-4D1D-AA60-00D181282745}.Debug|x86.Build.0 = Debug|Any CPU
		{E253AC18-F179-4D1D-AA60-00D181282745}.Release|Any CPU.ActiveCfg = Release|Any CPU
		{E253AC18-F179-4D1D-AA60-00D181282745}.Release|Any CPU.Build.0 = Release|Any CPU
		{E253AC18-F179-4D1D-AA60-00D181282745}.Release|x64.ActiveCfg = Release|Any CPU
		{E253AC18-F179-4D1D-AA60-00D181282745}.Release|x64.Build.0 = Release|Any CPU
		{E253AC18-F179-4D1D-AA60-00D181282745}.Release|x86.ActiveCfg = Release|Any CPU
		{E253AC18-F179-4D1D-AA60-00D181282745}.Release|x86.Build.0 = Release|Any CPU
		{02263D79-90FB-4734-AF1C-3B37C4398B48}.Debug|Any CPU.ActiveCfg = Debug|Any CPU
		{02263D79-90FB-4734-AF1C-3B37C4398B48}.Debug|Any CPU.Build.0 = Debug|Any CPU
		{02263D79-90FB-4734-AF1C-3B37C4398B48}.Debug|x64.ActiveCfg = Debug|Any CPU
		{02263D79-90FB-4734-AF1C-3B37C4398B48}.Debug|x64.Build.0 = Debug|Any CPU
		{02263D79-90FB-4734-AF1C-3B37C4398B48}.Debug|x86.ActiveCfg = Debug|Any CPU
		{02263D79-90FB-4734-AF1C-3B37C4398B48}.Debug|x86.Build.0 = Debug|Any CPU
		{02263D79-90FB-4734-AF1C-3B37C4398B48}.Release|Any CPU.ActiveCfg = Release|Any CPU
		{02263D79-90FB-4734-AF1C-3B37C4398B48}.Release|Any CPU.Build.0 = Release|Any CPU
		{02263D79-90FB-4734-AF1C-3B37C4398B48}.Release|x64.ActiveCfg = Release|Any CPU
		{02263D79-90FB-4734-AF1C-3B37C4398B48}.Release|x64.Build.0 = Release|Any CPU
		{02263D79-90FB-4734-AF1C-3B37C4398B48}.Release|x86.ActiveCfg = Release|Any CPU
		{02263D79-90FB-4734-AF1C-3B37C4398B48}.Release|x86.Build.0 = Release|Any CPU
	EndGlobalSection
	GlobalSection(SolutionProperties) = preSolution
		HideSolutionNode = FALSE
	EndGlobalSection
EndGlobal
